
Microsoft Visual Studio Solution File, Format Version 12.00
# Visual Studio Version 17
VisualStudioVersion = 17.0.31912.275
MinimumVisualStudioVersion = 10.0.40219.1
Project("{FAE04EC0-301F-11D3-BF4B-00C04F79EFBC}") = "OnlineShopAPI", "OnlineShopAPI\OnlineShopAPI.csproj", "{3C5E9D30-25B6-41BA-A4C0-7851ECB4ACE3}"
EndProject
Global
	GlobalSection(SolutionConfigurationPlatforms) = preSolution
		Debug|Any CPU = Debug|Any CPU
		Release|Any CPU = Release|Any CPU
	EndGlobalSection
	GlobalSection(ProjectConfigurationPlatforms) = postSolution
		{3C5E9D30-25B6-41BA-A4C0-7851ECB4ACE3}.Debug|Any CPU.ActiveCfg = Debug|Any CPU
		{3C5E9D30-25B6-41BA-A4C0-7851ECB4ACE3}.Debug|Any CPU.Build.0 = Debug|Any CPU
		{3C5E9D30-25B6-41BA-A4C0-7851ECB4ACE3}.Release|Any CPU.ActiveCfg = Release|Any CPU
		{3C5E9D30-25B6-41BA-A4C0-7851ECB4ACE3}.Release|Any CPU.Build.0 = Release|Any CPU
	EndGlobalSection
	GlobalSection(SolutionProperties) = preSolution
		HideSolutionNode = FALSE
	EndGlobalSection
	GlobalSection(ExtensibilityGlobals) = postSolution
		SolutionGuid = {4118467F-7D4C-4366-9C5A-B3425E57E879}
	EndGlobalSection
EndGlobal
